
Microsoft Visual Studio Solution File, Format Version 12.00
# Visual Studio Version 17
VisualStudioVersion = 17.9.34723.18
MinimumVisualStudioVersion = 10.0.40219.1
Project("{FAE04EC0-301F-11D3-BF4B-00C04F79EFBC}") = "Components", "UIComponents\Components\Components.csproj", "{D6F73F59-C5B8-4EE1-B989-AF3AE492A6DB}"
EndProject
Project("{FAE04EC0-301F-11D3-BF4B-00C04F79EFBC}") = "Main", "Main\Main\Main.csproj", "{BCCB817F-FC6F-4807-8E98-09B41E9CEB0B}"
EndProject
Project("{FAE04EC0-301F-11D3-BF4B-00C04F79EFBC}") = "Interfaces", "Interfaces\Interfaces.csproj", "{E68E967F-3FB3-4568-97B5-7673482BCA18}"
EndProject
Project("{FAE04EC0-301F-11D3-BF4B-00C04F79EFBC}") = "Implementations", "Implementations\Implementations.csproj", "{1051C44A-FD38-493A-86FE-91254E84E77D}"
EndProject
Project("{FAE04EC0-301F-11D3-BF4B-00C04F79EFBC}") = "Domains", "Domains\Domains.csproj", "{4328BEA0-58C5-4151-ABDB-F7AF7F5FD027}"
EndProject
Project("{FAE04EC0-301F-11D3-BF4B-00C04F79EFBC}") = "Storages", "Storages\Storages.csproj", "{093D894B-54FF-4A30-AB20-6A2417BE2FEF}"
EndProject
Project("{FAE04EC0-301F-11D3-BF4B-00C04F79EFBC}") = "Shared", "Shared\Shared.csproj", "{86E68D87-4E7D-47F4-A6D3-03D0FD1293DF}"
EndProject
Global
	GlobalSection(SolutionConfigurationPlatforms) = preSolution
		Debug|Any CPU = Debug|Any CPU
		Release|Any CPU = Release|Any CPU
	EndGlobalSection
	GlobalSection(ProjectConfigurationPlatforms) = postSolution
		{D6F73F59-C5B8-4EE1-B989-AF3AE492A6DB}.Debug|Any CPU.ActiveCfg = Debug|Any CPU
		{D6F73F59-C5B8-4EE1-B989-AF3AE492A6DB}.Debug|Any CPU.Build.0 = Debug|Any CPU
		{D6F73F59-C5B8-4EE1-B989-AF3AE492A6DB}.Release|Any CPU.ActiveCfg = Release|Any CPU
		{D6F73F59-C5B8-4EE1-B989-AF3AE492A6DB}.Release|Any CPU.Build.0 = Release|Any CPU
		{BCCB817F-FC6F-4807-8E98-09B41E9CEB0B}.Debug|Any CPU.ActiveCfg = Debug|Any CPU
		{BCCB817F-FC6F-4807-8E98-09B41E9CEB0B}.Debug|Any CPU.Build.0 = Debug|Any CPU
		{BCCB817F-FC6F-4807-8E98-09B41E9CEB0B}.Release|Any CPU.ActiveCfg = Release|Any CPU
		{BCCB817F-FC6F-4807-8E98-09B41E9CEB0B}.Release|Any CPU.Build.0 = Release|Any CPU
		{E68E967F-3FB3-4568-97B5-7673482BCA18}.Debug|Any CPU.ActiveCfg = Debug|Any CPU
		{E68E967F-3FB3-4568-97B5-7673482BCA18}.Debug|Any CPU.Build.0 = Debug|Any CPU
		{E68E967F-3FB3-4568-97B5-7673482BCA18}.Release|Any CPU.ActiveCfg = Release|Any CPU
		{E68E967F-3FB3-4568-97B5-7673482BCA18}.Release|Any CPU.Build.0 = Release|Any CPU
		{1051C44A-FD38-493A-86FE-91254E84E77D}.Debug|Any CPU.ActiveCfg = Debug|Any CPU
		{1051C44A-FD38-493A-86FE-91254E84E77D}.Debug|Any CPU.Build.0 = Debug|Any CPU
		{1051C44A-FD38-493A-86FE-91254E84E77D}.Release|Any CPU.ActiveCfg = Release|Any CPU
		{1051C44A-FD38-493A-86FE-91254E84E77D}.Release|Any CPU.Build.0 = Release|Any CPU
		{4328BEA0-58C5-4151-ABDB-F7AF7F5FD027}.Debug|Any CPU.ActiveCfg = Debug|Any CPU
		{4328BEA0-58C5-4151-ABDB-F7AF7F5FD027}.Debug|Any CPU.Build.0 = Debug|Any CPU
		{4328BEA0-58C5-4151-ABDB-F7AF7F5FD027}.Release|Any CPU.ActiveCfg = Release|Any CPU
		{4328BEA0-58C5-4151-ABDB-F7AF7F5FD027}.Release|Any CPU.Build.0 = Release|Any CPU
		{093D894B-54FF-4A30-AB20-6A2417BE2FEF}.Debug|Any CPU.ActiveCfg = Debug|Any CPU
		{093D894B-54FF-4A30-AB20-6A2417BE2FEF}.Debug|Any CPU.Build.0 = Debug|Any CPU
		{093D894B-54FF-4A30-AB20-6A2417BE2FEF}.Release|Any CPU.ActiveCfg = Release|Any CPU
		{093D894B-54FF-4A30-AB20-6A2417BE2FEF}.Release|Any CPU.Build.0 = Release|Any CPU
		{86E68D87-4E7D-47F4-A6D3-03D0FD1293DF}.Debug|Any CPU.ActiveCfg = Debug|Any CPU
		{86E68D87-4E7D-47F4-A6D3-03D0FD1293DF}.Debug|Any CPU.Build.0 = Debug|Any CPU
		{86E68D87-4E7D-47F4-A6D3-03D0FD1293DF}.Release|Any CPU.ActiveCfg = Release|Any CPU
		{86E68D87-4E7D-47F4-A6D3-03D0FD1293DF}.Release|Any CPU.Build.0 = Release|Any CPU
	EndGlobalSection
	GlobalSection(SolutionProperties) = preSolution
		HideSolutionNode = FALSE
	EndGlobalSection
	GlobalSection(NestedProjects) = preSolution
	EndGlobalSection
EndGlobal
