
Microsoft Visual Studio Solution File, Format Version 12.00
# Visual Studio Version 17
VisualStudioVersion = 17.9.34723.18
MinimumVisualStudioVersion = 10.0.40219.1
Project("{2150E333-8FDC-42A3-9474-1A3956D46DE8}") = "Main", "Main", "{B6644B72-EC57-427E-8795-8F52011D7A87}"
EndProject
Project("{2150E333-8FDC-42A3-9474-1A3956D46DE8}") = "UIComponents", "UIComponents", "{2DA8F611-9001-45E0-8B29-62A0F6904357}"
EndProject
Project("{2150E333-8FDC-42A3-9474-1A3956D46DE8}") = "Domains", "Domains", "{A21A3BC1-1EDF-4E79-B2FA-6C97D938168D}"
EndProject
Project("{2150E333-8FDC-42A3-9474-1A3956D46DE8}") = "Database", "Database", "{5CD94A72-910D-4213-9362-B3F7DDD4B3A7}"
EndProject
Project("{2150E333-8FDC-42A3-9474-1A3956D46DE8}") = "Implementations", "Implementations", "{7DB24E90-F0F4-468D-A088-182F90AC1A6C}"
EndProject
Project("{FAE04EC0-301F-11D3-BF4B-00C04F79EFBC}") = "Components", "UIComponents\Components\Components.csproj", "{D6F73F59-C5B8-4EE1-B989-AF3AE492A6DB}"
EndProject
Project("{2150E333-8FDC-42A3-9474-1A3956D46DE8}") = "Interfaces", "Interfaces", "{D0030440-245C-438B-9673-06E18747E068}"
EndProject
Project("{FAE04EC0-301F-11D3-BF4B-00C04F79EFBC}") = "Main", "Main\Main\Main.csproj", "{BCCB817F-FC6F-4807-8E98-09B41E9CEB0B}"
EndProject
Project("{FAE04EC0-301F-11D3-BF4B-00C04F79EFBC}") = "Interfaces", "Interfaces\Interfaces.csproj", "{E68E967F-3FB3-4568-97B5-7673482BCA18}"
EndProject
Project("{FAE04EC0-301F-11D3-BF4B-00C04F79EFBC}") = "Implementations", "Implementations\Implementations.csproj", "{1051C44A-FD38-493A-86FE-91254E84E77D}"
EndProject
Project("{FAE04EC0-301F-11D3-BF4B-00C04F79EFBC}") = "Domains", "Domains\Domains.csproj", "{4328BEA0-58C5-4151-ABDB-F7AF7F5FD027}"
EndProject
Project("{FAE04EC0-301F-11D3-BF4B-00C04F79EFBC}") = "Storages", "Storages\Storages.csproj", "{093D894B-54FF-4A30-AB20-6A2417BE2FEF}"
EndProject
Project("{2150E333-8FDC-42A3-9474-1A3956D46DE8}") = "Shared", "Shared", "{C988E746-6336-4385-BCC4-B4BC06F0F728}"
EndProject
Project("{FAE04EC0-301F-11D3-BF4B-00C04F79EFBC}") = "Shared", "Shared\Shared.csproj", "{86E68D87-4E7D-47F4-A6D3-03D0FD1293DF}"
EndProject
Global
	GlobalSection(SolutionConfigurationPlatforms) = preSolution
		Debug|Any CPU = Debug|Any CPU
		Release|Any CPU = Release|Any CPU
	EndGlobalSection
	GlobalSection(ProjectConfigurationPlatforms) = postSolution
		{D6F73F59-C5B8-4EE1-B989-AF3AE492A6DB}.Debug|Any CPU.ActiveCfg = Debug|Any CPU
		{D6F73F59-C5B8-4EE1-B989-AF3AE492A6DB}.Debug|Any CPU.Build.0 = Debug|Any CPU
		{D6F73F59-C5B8-4EE1-B989-AF3AE492A6DB}.Release|Any CPU.ActiveCfg = Release|Any CPU
		{D6F73F59-C5B8-4EE1-B989-AF3AE492A6DB}.Release|Any CPU.Build.0 = Release|Any CPU
		{BCCB817F-FC6F-4807-8E98-09B41E9CEB0B}.Debug|Any CPU.ActiveCfg = Debug|Any CPU
		{BCCB817F-FC6F-4807-8E98-09B41E9CEB0B}.Debug|Any CPU.Build.0 = Debug|Any CPU
		{BCCB817F-FC6F-4807-8E98-09B41E9CEB0B}.Release|Any CPU.ActiveCfg = Release|Any CPU
		{BCCB817F-FC6F-4807-8E98-09B41E9CEB0B}.Release|Any CPU.Build.0 = Release|Any CPU
		{E68E967F-3FB3-4568-97B5-7673482BCA18}.Debug|Any CPU.ActiveCfg = Debug|Any CPU
		{E68E967F-3FB3-4568-97B5-7673482BCA18}.Debug|Any CPU.Build.0 = Debug|Any CPU
		{E68E967F-3FB3-4568-97B5-7673482BCA18}.Release|Any CPU.ActiveCfg = Release|Any CPU
		{E68E967F-3FB3-4568-97B5-7673482BCA18}.Release|Any CPU.Build.0 = Release|Any CPU
		{1051C44A-FD38-493A-86FE-91254E84E77D}.Debug|Any CPU.ActiveCfg = Debug|Any CPU
		{1051C44A-FD38-493A-86FE-91254E84E77D}.Debug|Any CPU.Build.0 = Debug|Any CPU
		{1051C44A-FD38-493A-86FE-91254E84E77D}.Release|Any CPU.ActiveCfg = Release|Any CPU
		{1051C44A-FD38-493A-86FE-91254E84E77D}.Release|Any CPU.Build.0 = Release|Any CPU
		{4328BEA0-58C5-4151-ABDB-F7AF7F5FD027}.Debug|Any CPU.ActiveCfg = Debug|Any CPU
		{4328BEA0-58C5-4151-ABDB-F7AF7F5FD027}.Debug|Any CPU.Build.0 = Debug|Any CPU
		{4328BEA0-58C5-4151-ABDB-F7AF7F5FD027}.Release|Any CPU.ActiveCfg = Release|Any CPU
		{4328BEA0-58C5-4151-ABDB-F7AF7F5FD027}.Release|Any CPU.Build.0 = Release|Any CPU
		{093D894B-54FF-4A30-AB20-6A2417BE2FEF}.Debug|Any CPU.ActiveCfg = Debug|Any CPU
		{093D894B-54FF-4A30-AB20-6A2417BE2FEF}.Debug|Any CPU.Build.0 = Debug|Any CPU
		{093D894B-54FF-4A30-AB20-6A2417BE2FEF}.Release|Any CPU.ActiveCfg = Release|Any CPU
		{093D894B-54FF-4A30-AB20-6A2417BE2FEF}.Release|Any CPU.Build.0 = Release|Any CPU
		{86E68D87-4E7D-47F4-A6D3-03D0FD1293DF}.Debug|Any CPU.ActiveCfg = Debug|Any CPU
		{86E68D87-4E7D-47F4-A6D3-03D0FD1293DF}.Debug|Any CPU.Build.0 = Debug|Any CPU
		{86E68D87-4E7D-47F4-A6D3-03D0FD1293DF}.Release|Any CPU.ActiveCfg = Release|Any CPU
		{86E68D87-4E7D-47F4-A6D3-03D0FD1293DF}.Release|Any CPU.Build.0 = Release|Any CPU
	EndGlobalSection
	GlobalSection(SolutionProperties) = preSolution
		HideSolutionNode = FALSE
	EndGlobalSection
	GlobalSection(NestedProjects) = preSolution
		{D6F73F59-C5B8-4EE1-B989-AF3AE492A6DB} = {2DA8F611-9001-45E0-8B29-62A0F6904357}
		{BCCB817F-FC6F-4807-8E98-09B41E9CEB0B} = {B6644B72-EC57-427E-8795-8F52011D7A87}
		{E68E967F-3FB3-4568-97B5-7673482BCA18} = {D0030440-245C-438B-9673-06E18747E068}
		{1051C44A-FD38-493A-86FE-91254E84E77D} = {7DB24E90-F0F4-468D-A088-182F90AC1A6C}
		{4328BEA0-58C5-4151-ABDB-F7AF7F5FD027} = {A21A3BC1-1EDF-4E79-B2FA-6C97D938168D}
		{093D894B-54FF-4A30-AB20-6A2417BE2FEF} = {5CD94A72-910D-4213-9362-B3F7DDD4B3A7}
		{86E68D87-4E7D-47F4-A6D3-03D0FD1293DF} = {C988E746-6336-4385-BCC4-B4BC06F0F728}
	EndGlobalSection
EndGlobal
